
Microsoft Visual Studio Solution File, Format Version 12.00
# Visual Studio 15
VisualStudioVersion = 15.0.28307.1259
MinimumVisualStudioVersion = 10.0.40219.1
Project("{FAE04EC0-301F-11D3-BF4B-00C04F79EFBC}") = "Assignment", "Assignment\Assignment.csproj", "{FD7122BC-11CF-4EF4-A8F6-B2F25304B123}"
EndProject
Global
	GlobalSection(SolutionConfigurationPlatforms) = preSolution
		Debug|Any CPU = Debug|Any CPU
		Release|Any CPU = Release|Any CPU
	EndGlobalSection
	GlobalSection(ProjectConfigurationPlatforms) = postSolution
		{FD7122BC-11CF-4EF4-A8F6-B2F25304B123}.Debug|Any CPU.ActiveCfg = Debug|Any CPU
		{FD7122BC-11CF-4EF4-A8F6-B2F25304B123}.Debug|Any CPU.Build.0 = Debug|Any CPU
		{FD7122BC-11CF-4EF4-A8F6-B2F25304B123}.Release|Any CPU.ActiveCfg = Release|Any CPU
		{FD7122BC-11CF-4EF4-A8F6-B2F25304B123}.Release|Any CPU.Build.0 = Release|Any CPU
	EndGlobalSection
	GlobalSection(SolutionProperties) = preSolution
		HideSolutionNode = FALSE
	EndGlobalSection
	GlobalSection(ExtensibilityGlobals) = postSolution
		SolutionGuid = {AF4F8740-C673-43B9-BD02-D2DEA78EC77D}
	EndGlobalSection
EndGlobal
